// !$*UTF8*$!
{
	archiveVersion = 1;
	classes = {
	};
	objectVersion = 50;
	objects = {

/* Begin PBXBuildFile section */
		2C2E5F5E2691276A000ED89B /* AppDelegate.m in Sources */ = {isa = PBXBuildFile; fileRef = 2C2E5F5D2691276A000ED89B /* AppDelegate.m */; };
		2C2E5F692691276D000ED89B /* Assets.xcassets in Resources */ = {isa = PBXBuildFile; fileRef = 2C2E5F682691276D000ED89B /* Assets.xcassets */; };
		2C2E5F6C2691276D000ED89B /* LaunchScreen.storyboard in Resources */ = {isa = PBXBuildFile; fileRef = 2C2E5F6A2691276D000ED89B /* LaunchScreen.storyboard */; };
		2C2E5F6F2691276D000ED89B /* main.m in Sources */ = {isa = PBXBuildFile; fileRef = 2C2E5F6E2691276D000ED89B /* main.m */; };
		2C48AA582691385700FE22B5 /* AuthViewController.m in Sources */ = {isa = PBXBuildFile; fileRef = 2C48AA562691385700FE22B5 /* AuthViewController.m */; };
		2C48AA592691385700FE22B5 /* AuthViewController.xib in Resources */ = {isa = PBXBuildFile; fileRef = 2C48AA572691385700FE22B5 /* AuthViewController.xib */; };
		2C48AA6C26917A2A00FE22B5 /* UIColor+Color.m in Sources */ = {isa = PBXBuildFile; fileRef = 2C48AA6B26917A2A00FE22B5 /* UIColor+Color.m */; };
		2C48AA702692036E00FE22B5 /* UIImage+Resize.m in Sources */ = {isa = PBXBuildFile; fileRef = 2C48AA6F2692036D00FE22B5 /* UIImage+Resize.m */; };
/* End PBXBuildFile section */

/* Begin PBXFileReference section */
		2C2E5F592691276A000ED89B /* rs.ios.stage-task7.app */ = {isa = PBXFileReference; explicitFileType = wrapper.application; includeInIndex = 0; path = "rs.ios.stage-task7.app"; sourceTree = BUILT_PRODUCTS_DIR; };
		2C2E5F5C2691276A000ED89B /* AppDelegate.h */ = {isa = PBXFileReference; lastKnownFileType = sourcecode.c.h; path = AppDelegate.h; sourceTree = "<group>"; };
		2C2E5F5D2691276A000ED89B /* AppDelegate.m */ = {isa = PBXFileReference; lastKnownFileType = sourcecode.c.objc; path = AppDelegate.m; sourceTree = "<group>"; };
		2C2E5F682691276D000ED89B /* Assets.xcassets */ = {isa = PBXFileReference; lastKnownFileType = folder.assetcatalog; path = Assets.xcassets; sourceTree = "<group>"; };
		2C2E5F6B2691276D000ED89B /* Base */ = {isa = PBXFileReference; lastKnownFileType = file.storyboard; name = Base; path = Base.lproj/LaunchScreen.storyboard; sourceTree = "<group>"; };
		2C2E5F6D2691276D000ED89B /* Info.plist */ = {isa = PBXFileReference; lastKnownFileType = text.plist.xml; path = Info.plist; sourceTree = "<group>"; };
		2C2E5F6E2691276D000ED89B /* main.m */ = {isa = PBXFileReference; lastKnownFileType = sourcecode.c.objc; path = main.m; sourceTree = "<group>"; };
		2C48AA552691385700FE22B5 /* AuthViewController.h */ = {isa = PBXFileReference; lastKnownFileType = sourcecode.c.h; path = AuthViewController.h; sourceTree = "<group>"; };
		2C48AA562691385700FE22B5 /* AuthViewController.m */ = {isa = PBXFileReference; lastKnownFileType = sourcecode.c.objc; path = AuthViewController.m; sourceTree = "<group>"; };
		2C48AA572691385700FE22B5 /* AuthViewController.xib */ = {isa = PBXFileReference; lastKnownFileType = file.xib; path = AuthViewController.xib; sourceTree = "<group>"; };
		2C48AA6A26917A2A00FE22B5 /* UIColor+Color.h */ = {isa = PBXFileReference; lastKnownFileType = sourcecode.c.h; path = "UIColor+Color.h"; sourceTree = "<group>"; };
		2C48AA6B26917A2A00FE22B5 /* UIColor+Color.m */ = {isa = PBXFileReference; lastKnownFileType = sourcecode.c.objc; path = "UIColor+Color.m"; sourceTree = "<group>"; };
		2C48AA6E2692036D00FE22B5 /* UIImage+Resize.h */ = {isa = PBXFileReference; lastKnownFileType = sourcecode.c.h; path = "UIImage+Resize.h"; sourceTree = "<group>"; };
		2C48AA6F2692036D00FE22B5 /* UIImage+Resize.m */ = {isa = PBXFileReference; lastKnownFileType = sourcecode.c.objc; path = "UIImage+Resize.m"; sourceTree = "<group>"; };
/* End PBXFileReference section */

/* Begin PBXFrameworksBuildPhase section */
		2C2E5F562691276A000ED89B /* Frameworks */ = {
			isa = PBXFrameworksBuildPhase;
			buildActionMask = 2147483647;
			files = (
			);
			runOnlyForDeploymentPostprocessing = 0;
		};
/* End PBXFrameworksBuildPhase section */

/* Begin PBXGroup section */
		2C2E5F502691276A000ED89B = {
			isa = PBXGroup;
			children = (
				2C2E5F5B2691276A000ED89B /* rs.ios.stage-task7 */,
				2C2E5F5A2691276A000ED89B /* Products */,
			);
			sourceTree = "<group>";
		};
		2C2E5F5A2691276A000ED89B /* Products */ = {
			isa = PBXGroup;
			children = (
				2C2E5F592691276A000ED89B /* rs.ios.stage-task7.app */,
			);
			name = Products;
			sourceTree = "<group>";
		};
		2C2E5F5B2691276A000ED89B /* rs.ios.stage-task7 */ = {
			isa = PBXGroup;
			children = (
				2C2E5F5C2691276A000ED89B /* AppDelegate.h */,
				2C2E5F5D2691276A000ED89B /* AppDelegate.m */,
				2C48AA552691385700FE22B5 /* AuthViewController.h */,
				2C48AA562691385700FE22B5 /* AuthViewController.m */,
				2C48AA572691385700FE22B5 /* AuthViewController.xib */,
				2C2E5F682691276D000ED89B /* Assets.xcassets */,
				2C2E5F6A2691276D000ED89B /* LaunchScreen.storyboard */,
				2C2E5F6D2691276D000ED89B /* Info.plist */,
				2C2E5F6E2691276D000ED89B /* main.m */,
				2C48AA6A26917A2A00FE22B5 /* UIColor+Color.h */,
				2C48AA6B26917A2A00FE22B5 /* UIColor+Color.m */,
				2C48AA6E2692036D00FE22B5 /* UIImage+Resize.h */,
				2C48AA6F2692036D00FE22B5 /* UIImage+Resize.m */,
			);
			path = "rs.ios.stage-task7";
			sourceTree = "<group>";
		};
/* End PBXGroup section */

/* Begin PBXNativeTarget section */
		2C2E5F582691276A000ED89B /* rs.ios.stage-task7 */ = {
			isa = PBXNativeTarget;
			buildConfigurationList = 2C2E5F722691276D000ED89B /* Build configuration list for PBXNativeTarget "rs.ios.stage-task7" */;
			buildPhases = (
				2C2E5F552691276A000ED89B /* Sources */,
				2C2E5F562691276A000ED89B /* Frameworks */,
				2C2E5F572691276A000ED89B /* Resources */,
			);
			buildRules = (
			);
			dependencies = (
			);
			name = "rs.ios.stage-task7";
			productName = "rs.ios.stage-task7";
			productReference = 2C2E5F592691276A000ED89B /* rs.ios.stage-task7.app */;
			productType = "com.apple.product-type.application";
		};
/* End PBXNativeTarget section */

/* Begin PBXProject section */
		2C2E5F512691276A000ED89B /* Project object */ = {
			isa = PBXProject;
			attributes = {
				LastUpgradeCheck = 1240;
				TargetAttributes = {
					2C2E5F582691276A000ED89B = {
						CreatedOnToolsVersion = 12.4;
						LastSwiftMigration = 1240;
					};
				};
			};
			buildConfigurationList = 2C2E5F542691276A000ED89B /* Build configuration list for PBXProject "rs.ios.stage-task7" */;
			compatibilityVersion = "Xcode 9.3";
			developmentRegion = en;
			hasScannedForEncodings = 0;
			knownRegions = (
				en,
				Base,
			);
			mainGroup = 2C2E5F502691276A000ED89B;
			productRefGroup = 2C2E5F5A2691276A000ED89B /* Products */;
			projectDirPath = "";
			projectRoot = "";
			targets = (
				2C2E5F582691276A000ED89B /* rs.ios.stage-task7 */,
			);
		};
/* End PBXProject section */

/* Begin PBXResourcesBuildPhase section */
		2C2E5F572691276A000ED89B /* Resources */ = {
			isa = PBXResourcesBuildPhase;
			buildActionMask = 2147483647;
			files = (
				2C2E5F6C2691276D000ED89B /* LaunchScreen.storyboard in Resources */,
				2C48AA592691385700FE22B5 /* AuthViewController.xib in Resources */,
				2C2E5F692691276D000ED89B /* Assets.xcassets in Resources */,
			);
			runOnlyForDeploymentPostprocessing = 0;
		};
/* End PBXResourcesBuildPhase section */

/* Begin PBXSourcesBuildPhase section */
		2C2E5F552691276A000ED89B /* Sources */ = {
			isa = PBXSourcesBuildPhase;
			buildActionMask = 2147483647;
			files = (
				2C2E5F5E2691276A000ED89B /* AppDelegate.m in Sources */,
				2C48AA6C26917A2A00FE22B5 /* UIColor+Color.m in Sources */,
				2C48AA582691385700FE22B5 /* AuthViewController.m in Sources */,
				2C2E5F6F2691276D000ED89B /* main.m in Sources */,
				2C48AA702692036E00FE22B5 /* UIImage+Resize.m in Sources */,
			);
			runOnlyForDeploymentPostprocessing = 0;
		};
/* End PBXSourcesBuildPhase section */

/* Begin PBXVariantGroup section */
		2C2E5F6A2691276D000ED89B /* LaunchScreen.storyboard */ = {
			isa = PBXVariantGroup;
			children = (
				2C2E5F6B2691276D000ED89B /* Base */,
			);
			name = LaunchScreen.storyboard;
			sourceTree = "<group>";
		};
/* End PBXVariantGroup section */

/* Begin XCBuildConfiguration section */
		2C2E5F702691276D000ED89B /* Debug */ = {
			isa = XCBuildConfiguration;
			buildSettings = {
				ALWAYS_SEARCH_USER_PATHS = NO;
				CLANG_ANALYZER_NONNULL = YES;
				CLANG_ANALYZER_NUMBER_OBJECT_CONVERSION = YES_AGGRESSIVE;
				CLANG_CXX_LANGUAGE_STANDARD = "gnu++14";
				CLANG_CXX_LIBRARY = "libc++";
				CLANG_ENABLE_MODULES = YES;
				CLANG_ENABLE_OBJC_ARC = YES;
				CLANG_ENABLE_OBJC_WEAK = YES;
				CLANG_WARN_BLOCK_CAPTURE_AUTORELEASING = YES;
				CLANG_WARN_BOOL_CONVERSION = YES;
				CLANG_WARN_COMMA = YES;
				CLANG_WARN_CONSTANT_CONVERSION = YES;
				CLANG_WARN_DEPRECATED_OBJC_IMPLEMENTATIONS = YES;
				CLANG_WARN_DIRECT_OBJC_ISA_USAGE = YES_ERROR;
				CLANG_WARN_DOCUMENTATION_COMMENTS = YES;
				CLANG_WARN_EMPTY_BODY = YES;
				CLANG_WARN_ENUM_CONVERSION = YES;
				CLANG_WARN_INFINITE_RECURSION = YES;
				CLANG_WARN_INT_CONVERSION = YES;
				CLANG_WARN_NON_LITERAL_NULL_CONVERSION = YES;
				CLANG_WARN_OBJC_IMPLICIT_RETAIN_SELF = YES;
				CLANG_WARN_OBJC_LITERAL_CONVERSION = YES;
				CLANG_WARN_OBJC_ROOT_CLASS = YES_ERROR;
				CLANG_WARN_QUOTED_INCLUDE_IN_FRAMEWORK_HEADER = YES;
				CLANG_WARN_RANGE_LOOP_ANALYSIS = YES;
				CLANG_WARN_STRICT_PROTOTYPES = YES;
				CLANG_WARN_SUSPICIOUS_MOVE = YES;
				CLANG_WARN_UNGUARDED_AVAILABILITY = YES_AGGRESSIVE;
				CLANG_WARN_UNREACHABLE_CODE = YES;
				CLANG_WARN__DUPLICATE_METHOD_MATCH = YES;
				COPY_PHASE_STRIP = NO;
				DEBUG_INFORMATION_FORMAT = dwarf;
				ENABLE_STRICT_OBJC_MSGSEND = YES;
				ENABLE_TESTABILITY = YES;
				GCC_C_LANGUAGE_STANDARD = gnu11;
				GCC_DYNAMIC_NO_PIC = NO;
				GCC_NO_COMMON_BLOCKS = YES;
				GCC_OPTIMIZATION_LEVEL = 0;
				GCC_PREPROCESSOR_DEFINITIONS = (
					"DEBUG=1",
					"$(inherited)",
				);
				GCC_WARN_64_TO_32_BIT_CONVERSION = YES;
				GCC_WARN_ABOUT_RETURN_TYPE = YES_ERROR;
				GCC_WARN_UNDECLARED_SELECTOR = YES;
				GCC_WARN_UNINITIALIZED_AUTOS = YES_AGGRESSIVE;
				GCC_WARN_UNUSED_FUNCTION = YES;
				GCC_WARN_UNUSED_VARIABLE = YES;
				IPHONEOS_DEPLOYMENT_TARGET = 12.1;
				MTL_ENABLE_DEBUG_INFO = INCLUDE_SOURCE;
				MTL_FAST_MATH = YES;
				ONLY_ACTIVE_ARCH = YES;
				SDKROOT = iphoneos;
			};
			name = Debug;
		};
		2C2E5F712691276D000ED89B /* Release */ = {
			isa = XCBuildConfiguration;
			buildSettings = {
				ALWAYS_SEARCH_USER_PATHS = NO;
				CLANG_ANALYZER_NONNULL = YES;
				CLANG_ANALYZER_NUMBER_OBJECT_CONVERSION = YES_AGGRESSIVE;
				CLANG_CXX_LANGUAGE_STANDARD = "gnu++14";
				CLANG_CXX_LIBRARY = "libc++";
				CLANG_ENABLE_MODULES = YES;
				CLANG_ENABLE_OBJC_ARC = YES;
				CLANG_ENABLE_OBJC_WEAK = YES;
				CLANG_WARN_BLOCK_CAPTURE_AUTORELEASING = YES;
				CLANG_WARN_BOOL_CONVERSION = YES;
				CLANG_WARN_COMMA = YES;
				CLANG_WARN_CONSTANT_CONVERSION = YES;
				CLANG_WARN_DEPRECATED_OBJC_IMPLEMENTATIONS = YES;
				CLANG_WARN_DIRECT_OBJC_ISA_USAGE = YES_ERROR;
				CLANG_WARN_DOCUMENTATION_COMMENTS = YES;
				CLANG_WARN_EMPTY_BODY = YES;
				CLANG_WARN_ENUM_CONVERSION = YES;
				CLANG_WARN_INFINITE_RECURSION = YES;
				CLANG_WARN_INT_CONVERSION = YES;
				CLANG_WARN_NON_LITERAL_NULL_CONVERSION = YES;
				CLANG_WARN_OBJC_IMPLICIT_RETAIN_SELF = YES;
				CLANG_WARN_OBJC_LITERAL_CONVERSION = YES;
				CLANG_WARN_OBJC_ROOT_CLASS = YES_ERROR;
				CLANG_WARN_QUOTED_INCLUDE_IN_FRAMEWORK_HEADER = YES;
				CLANG_WARN_RANGE_LOOP_ANALYSIS = YES;
				CLANG_WARN_STRICT_PROTOTYPES = YES;
				CLANG_WARN_SUSPICIOUS_MOVE = YES;
				CLANG_WARN_UNGUARDED_AVAILABILITY = YES_AGGRESSIVE;
				CLANG_WARN_UNREACHABLE_CODE = YES;
				CLANG_WARN__DUPLICATE_METHOD_MATCH = YES;
				COPY_PHASE_STRIP = NO;
				DEBUG_INFORMATION_FORMAT = "dwarf-with-dsym";
				ENABLE_NS_ASSERTIONS = NO;
				ENABLE_STRICT_OBJC_MSGSEND = YES;
				GCC_C_LANGUAGE_STANDARD = gnu11;
				GCC_NO_COMMON_BLOCKS = YES;
				GCC_WARN_64_TO_32_BIT_CONVERSION = YES;
				GCC_WARN_ABOUT_RETURN_TYPE = YES_ERROR;
				GCC_WARN_UNDECLARED_SELECTOR = YES;
				GCC_WARN_UNINITIALIZED_AUTOS = YES_AGGRESSIVE;
				GCC_WARN_UNUSED_FUNCTION = YES;
				GCC_WARN_UNUSED_VARIABLE = YES;
				IPHONEOS_DEPLOYMENT_TARGET = 12.1;
				MTL_ENABLE_DEBUG_INFO = NO;
				MTL_FAST_MATH = YES;
				SDKROOT = iphoneos;
				VALIDATE_PRODUCT = YES;
			};
			name = Release;
		};
		2C2E5F732691276D000ED89B /* Debug */ = {
			isa = XCBuildConfiguration;
			buildSettings = {
				ASSETCATALOG_COMPILER_APPICON_NAME = AppIcon;
				ASSETCATALOG_COMPILER_GLOBAL_ACCENT_COLOR_NAME = AccentColor;
				CLANG_ENABLE_MODULES = YES;
				CODE_SIGN_STYLE = Automatic;
				DEVELOPMENT_TEAM = M9V2HJR8B4;
				INFOPLIST_FILE = "rs.ios.stage-task7/Info.plist";
				LD_RUNPATH_SEARCH_PATHS = (
					"$(inherited)",
					"@executable_path/Frameworks",
				);
				PRODUCT_BUNDLE_IDENTIFIER = "Ivan.rs-ios-stage-task7";
				PRODUCT_NAME = "$(TARGET_NAME)";
				SWIFT_OBJC_BRIDGING_HEADER = "rs.ios.stage-task7/rs.ios.stage-task7-Bridging-Header.h";
				SWIFT_OPTIMIZATION_LEVEL = "-Onone";
				SWIFT_VERSION = 5.0;
				TARGETED_DEVICE_FAMILY = "1,2";
			};
			name = Debug;
		};
		2C2E5F742691276D000ED89B /* Release */ = {
			isa = XCBuildConfiguration;
			buildSettings = {
				ASSETCATALOG_COMPILER_APPICON_NAME = AppIcon;
				ASSETCATALOG_COMPILER_GLOBAL_ACCENT_COLOR_NAME = AccentColor;
				CLANG_ENABLE_MODULES = YES;
				CODE_SIGN_STYLE = Automatic;
				DEVELOPMENT_TEAM = M9V2HJR8B4;
				INFOPLIST_FILE = "rs.ios.stage-task7/Info.plist";
				LD_RUNPATH_SEARCH_PATHS = (
					"$(inherited)",
					"@executable_path/Frameworks",
				);
				PRODUCT_BUNDLE_IDENTIFIER = "Ivan.rs-ios-stage-task7";
				PRODUCT_NAME = "$(TARGET_NAME)";
				SWIFT_OBJC_BRIDGING_HEADER = "rs.ios.stage-task7/rs.ios.stage-task7-Bridging-Header.h";
				SWIFT_VERSION = 5.0;
				TARGETED_DEVICE_FAMILY = "1,2";
			};
			name = Release;
		};
/* End XCBuildConfiguration section */

/* Begin XCConfigurationList section */
		2C2E5F542691276A000ED89B /* Build configuration list for PBXProject "rs.ios.stage-task7" */ = {
			isa = XCConfigurationList;
			buildConfigurations = (
				2C2E5F702691276D000ED89B /* Debug */,
				2C2E5F712691276D000ED89B /* Release */,
			);
			defaultConfigurationIsVisible = 0;
			defaultConfigurationName = Release;
		};
		2C2E5F722691276D000ED89B /* Build configuration list for PBXNativeTarget "rs.ios.stage-task7" */ = {
			isa = XCConfigurationList;
			buildConfigurations = (
				2C2E5F732691276D000ED89B /* Debug */,
				2C2E5F742691276D000ED89B /* Release */,
			);
			defaultConfigurationIsVisible = 0;
			defaultConfigurationName = Release;
		};
/* End XCConfigurationList section */
	};
	rootObject = 2C2E5F512691276A000ED89B /* Project object */;
}
